
Microsoft Visual Studio Solution File, Format Version 12.00
# Visual Studio Version 17
VisualStudioVersion = 17.5.001.0
MinimumVisualStudioVersion = 10.0.40219.1
Project("{9A19103F-16F7-4668-BE54-9A1E7A4F7556}") = "CmdDockerApplication", "CmdDockerApplication.csproj", "{B27C5540-8040-4CC7-86E7-18BBC4EA7425}"
EndProject
Global
	GlobalSection(SolutionConfigurationPlatforms) = preSolution
		Debug|Any CPU = Debug|Any CPU
		Release|Any CPU = Release|Any CPU
	EndGlobalSection
	GlobalSection(ProjectConfigurationPlatforms) = postSolution
		{B27C5540-8040-4CC7-86E7-18BBC4EA7425}.Debug|Any CPU.ActiveCfg = Debug|Any CPU
		{B27C5540-8040-4CC7-86E7-18BBC4EA7425}.Debug|Any CPU.Build.0 = Debug|Any CPU
		{B27C5540-8040-4CC7-86E7-18BBC4EA7425}.Release|Any CPU.ActiveCfg = Release|Any CPU
		{B27C5540-8040-4CC7-86E7-18BBC4EA7425}.Release|Any CPU.Build.0 = Release|Any CPU
	EndGlobalSection
	GlobalSection(SolutionProperties) = preSolution
		HideSolutionNode = FALSE
	EndGlobalSection
	GlobalSection(ExtensibilityGlobals) = postSolution
		SolutionGuid = {030DEB25-C771-46B0-B04E-D5CB36DF1791}
	EndGlobalSection
EndGlobal
