
Microsoft Visual Studio Solution File, Format Version 12.00
# Visual Studio Version 17
VisualStudioVersion = 17.11.35327.3
MinimumVisualStudioVersion = 10.0.40219.1
Project("{FAE04EC0-301F-11D3-BF4B-00C04F79EFBC}") = "OurHeroApplication2", "OurHeroApplication2\OurHeroApplication2.csproj", "{EE0C356B-A7F1-4BAA-9B66-0C7AF21F63BB}"
EndProject
Global
	GlobalSection(SolutionConfigurationPlatforms) = preSolution
		Debug|Any CPU = Debug|Any CPU
		Release|Any CPU = Release|Any CPU
	EndGlobalSection
	GlobalSection(ProjectConfigurationPlatforms) = postSolution
		{EE0C356B-A7F1-4BAA-9B66-0C7AF21F63BB}.Debug|Any CPU.ActiveCfg = Debug|Any CPU
		{EE0C356B-A7F1-4BAA-9B66-0C7AF21F63BB}.Debug|Any CPU.Build.0 = Debug|Any CPU
		{EE0C356B-A7F1-4BAA-9B66-0C7AF21F63BB}.Release|Any CPU.ActiveCfg = Release|Any CPU
		{EE0C356B-A7F1-4BAA-9B66-0C7AF21F63BB}.Release|Any CPU.Build.0 = Release|Any CPU
	EndGlobalSection
	GlobalSection(SolutionProperties) = preSolution
		HideSolutionNode = FALSE
	EndGlobalSection
	GlobalSection(ExtensibilityGlobals) = postSolution
		SolutionGuid = {057DD12D-7764-44A1-B12A-24AB29D2F008}
	EndGlobalSection
EndGlobal
