
Microsoft Visual Studio Solution File, Format Version 12.00
# Visual Studio Version 17
VisualStudioVersion = 17.5.33516.290
MinimumVisualStudioVersion = 10.0.40219.1
Project("{FAE04EC0-301F-11D3-BF4B-00C04F79EFBC}") = "ConsoleApp1", "ConsoleApp1\ConsoleApp1.csproj", "{4A448843-3376-483D-A7C4-A0A88B3C464C}"
EndProject
Global
	GlobalSection(SolutionConfigurationPlatforms) = preSolution
		Debug|Any CPU = Debug|Any CPU
		Release|Any CPU = Release|Any CPU
	EndGlobalSection
	GlobalSection(ProjectConfigurationPlatforms) = postSolution
		{4A448843-3376-483D-A7C4-A0A88B3C464C}.Debug|Any CPU.ActiveCfg = Debug|Any CPU
		{4A448843-3376-483D-A7C4-A0A88B3C464C}.Debug|Any CPU.Build.0 = Debug|Any CPU
		{4A448843-3376-483D-A7C4-A0A88B3C464C}.Release|Any CPU.ActiveCfg = Release|Any CPU
		{4A448843-3376-483D-A7C4-A0A88B3C464C}.Release|Any CPU.Build.0 = Release|Any CPU
	EndGlobalSection
	GlobalSection(SolutionProperties) = preSolution
		HideSolutionNode = FALSE
	EndGlobalSection
	GlobalSection(ExtensibilityGlobals) = postSolution
		SolutionGuid = {DF69635A-AFFF-47A7-BA97-A906C7C557C7}
	EndGlobalSection
EndGlobal
